
Microsoft Visual Studio Solution File, Format Version 12.00
# Visual Studio Version 17
VisualStudioVersion = 17.0.31903.59
MinimumVisualStudioVersion = 10.0.40219.1
Project("{2150E333-8FDC-42A3-9474-1A3956D46DE8}") = "src", "src", "{827E0CD3-B72D-47B6-A68D-7590B98EB39B}"
EndProject
Project("{FAE04EC0-301F-11D3-BF4B-00C04F79EFBC}") = "AiGroupChat.Domain", "src\AiGroupChat.Domain\AiGroupChat.Domain.csproj", "{B6F691D9-04B3-49DD-BF04-80584711E591}"
EndProject
Project("{FAE04EC0-301F-11D3-BF4B-00C04F79EFBC}") = "AiGroupChat.Application", "src\AiGroupChat.Application\AiGroupChat.Application.csproj", "{B0A4FE82-373F-4AB8-B525-D791A09A3470}"
EndProject
Project("{FAE04EC0-301F-11D3-BF4B-00C04F79EFBC}") = "AiGroupChat.Infrastructure", "src\AiGroupChat.Infrastructure\AiGroupChat.Infrastructure.csproj", "{5991E470-461D-4DAE-8E84-55CC163D7A7C}"
EndProject
Project("{FAE04EC0-301F-11D3-BF4B-00C04F79EFBC}") = "AiGroupChat.API", "src\AiGroupChat.API\AiGroupChat.API.csproj", "{B91F51EF-A9C3-4E02-86EA-B5297DA40EDF}"
EndProject
Project("{FAE04EC0-301F-11D3-BF4B-00C04F79EFBC}") = "AiGroupChat.Email", "src\AiGroupChat.Email\AiGroupChat.Email.csproj", "{990A1E09-FA19-4050-AA9A-63AD079EE9C1}"
EndProject
Project("{2150E333-8FDC-42A3-9474-1A3956D46DE8}") = "tests", "tests", "{0AB3BF05-4346-4AA6-1389-037BE0695223}"
EndProject
Project("{FAE04EC0-301F-11D3-BF4B-00C04F79EFBC}") = "AiGroupChat.UnitTests", "tests\AiGroupChat.UnitTests\AiGroupChat.UnitTests.csproj", "{1D00F0DC-CB3D-4EB0-AD5E-960A81D0D1B0}"
EndProject
Global
	GlobalSection(SolutionConfigurationPlatforms) = preSolution
		Debug|Any CPU = Debug|Any CPU
		Debug|x64 = Debug|x64
		Debug|x86 = Debug|x86
		Release|Any CPU = Release|Any CPU
		Release|x64 = Release|x64
		Release|x86 = Release|x86
	EndGlobalSection
	GlobalSection(ProjectConfigurationPlatforms) = postSolution
		{B6F691D9-04B3-49DD-BF04-80584711E591}.Debug|Any CPU.ActiveCfg = Debug|Any CPU
		{B6F691D9-04B3-49DD-BF04-80584711E591}.Debug|Any CPU.Build.0 = Debug|Any CPU
		{B6F691D9-04B3-49DD-BF04-80584711E591}.Debug|x64.ActiveCfg = Debug|Any CPU
		{B6F691D9-04B3-49DD-BF04-80584711E591}.Debug|x64.Build.0 = Debug|Any CPU
		{B6F691D9-04B3-49DD-BF04-80584711E591}.Debug|x86.ActiveCfg = Debug|Any CPU
		{B6F691D9-04B3-49DD-BF04-80584711E591}.Debug|x86.Build.0 = Debug|Any CPU
		{B6F691D9-04B3-49DD-BF04-80584711E591}.Release|Any CPU.ActiveCfg = Release|Any CPU
		{B6F691D9-04B3-49DD-BF04-80584711E591}.Release|Any CPU.Build.0 = Release|Any CPU
		{B6F691D9-04B3-49DD-BF04-80584711E591}.Release|x64.ActiveCfg = Release|Any CPU
		{B6F691D9-04B3-49DD-BF04-80584711E591}.Release|x64.Build.0 = Release|Any CPU
		{B6F691D9-04B3-49DD-BF04-80584711E591}.Release|x86.ActiveCfg = Release|Any CPU
		{B6F691D9-04B3-49DD-BF04-80584711E591}.Release|x86.Build.0 = Release|Any CPU
		{B0A4FE82-373F-4AB8-B525-D791A09A3470}.Debug|Any CPU.ActiveCfg = Debug|Any CPU
		{B0A4FE82-373F-4AB8-B525-D791A09A3470}.Debug|Any CPU.Build.0 = Debug|Any CPU
		{B0A4FE82-373F-4AB8-B525-D791A09A3470}.Debug|x64.ActiveCfg = Debug|Any CPU
		{B0A4FE82-373F-4AB8-B525-D791A09A3470}.Debug|x64.Build.0 = Debug|Any CPU
		{B0A4FE82-373F-4AB8-B525-D791A09A3470}.Debug|x86.ActiveCfg = Debug|Any CPU
		{B0A4FE82-373F-4AB8-B525-D791A09A3470}.Debug|x86.Build.0 = Debug|Any CPU
		{B0A4FE82-373F-4AB8-B525-D791A09A3470}.Release|Any CPU.ActiveCfg = Release|Any CPU
		{B0A4FE82-373F-4AB8-B525-D791A09A3470}.Release|Any CPU.Build.0 = Release|Any CPU
		{B0A4FE82-373F-4AB8-B525-D791A09A3470}.Release|x64.ActiveCfg = Release|Any CPU
		{B0A4FE82-373F-4AB8-B525-D791A09A3470}.Release|x64.Build.0 = Release|Any CPU
		{B0A4FE82-373F-4AB8-B525-D791A09A3470}.Release|x86.ActiveCfg = Release|Any CPU
		{B0A4FE82-373F-4AB8-B525-D791A09A3470}.Release|x86.Build.0 = Release|Any CPU
		{5991E470-461D-4DAE-8E84-55CC163D7A7C}.Debug|Any CPU.ActiveCfg = Debug|Any CPU
		{5991E470-461D-4DAE-8E84-55CC163D7A7C}.Debug|Any CPU.Build.0 = Debug|Any CPU
		{5991E470-461D-4DAE-8E84-55CC163D7A7C}.Debug|x64.ActiveCfg = Debug|Any CPU
		{5991E470-461D-4DAE-8E84-55CC163D7A7C}.Debug|x64.Build.0 = Debug|Any CPU
		{5991E470-461D-4DAE-8E84-55CC163D7A7C}.Debug|x86.ActiveCfg = Debug|Any CPU
		{5991E470-461D-4DAE-8E84-55CC163D7A7C}.Debug|x86.Build.0 = Debug|Any CPU
		{5991E470-461D-4DAE-8E84-55CC163D7A7C}.Release|Any CPU.ActiveCfg = Release|Any CPU
		{5991E470-461D-4DAE-8E84-55CC163D7A7C}.Release|Any CPU.Build.0 = Release|Any CPU
		{5991E470-461D-4DAE-8E84-55CC163D7A7C}.Release|x64.ActiveCfg = Release|Any CPU
		{5991E470-461D-4DAE-8E84-55CC163D7A7C}.Release|x64.Build.0 = Release|Any CPU
		{5991E470-461D-4DAE-8E84-55CC163D7A7C}.Release|x86.ActiveCfg = Release|Any CPU
		{5991E470-461D-4DAE-8E84-55CC163D7A7C}.Release|x86.Build.0 = Release|Any CPU
		{B91F51EF-A9C3-4E02-86EA-B5297DA40EDF}.Debug|Any CPU.ActiveCfg = Debug|Any CPU
		{B91F51EF-A9C3-4E02-86EA-B5297DA40EDF}.Debug|Any CPU.Build.0 = Debug|Any CPU
		{B91F51EF-A9C3-4E02-86EA-B5297DA40EDF}.Debug|x64.ActiveCfg = Debug|Any CPU
		{B91F51EF-A9C3-4E02-86EA-B5297DA40EDF}.Debug|x64.Build.0 = Debug|Any CPU
		{B91F51EF-A9C3-4E02-86EA-B5297DA40EDF}.Debug|x86.ActiveCfg = Debug|Any CPU
		{B91F51EF-A9C3-4E02-86EA-B5297DA40EDF}.Debug|x86.Build.0 = Debug|Any CPU
		{B91F51EF-A9C3-4E02-86EA-B5297DA40EDF}.Release|Any CPU.ActiveCfg = Release|Any CPU
		{B91F51EF-A9C3-4E02-86EA-B5297DA40EDF}.Release|Any CPU.Build.0 = Release|Any CPU
		{B91F51EF-A9C3-4E02-86EA-B5297DA40EDF}.Release|x64.ActiveCfg = Release|Any CPU
		{B91F51EF-A9C3-4E02-86EA-B5297DA40EDF}.Release|x64.Build.0 = Release|Any CPU
		{B91F51EF-A9C3-4E02-86EA-B5297DA40EDF}.Release|x86.ActiveCfg = Release|Any CPU
		{B91F51EF-A9C3-4E02-86EA-B5297DA40EDF}.Release|x86.Build.0 = Release|Any CPU
		{990A1E09-FA19-4050-AA9A-63AD079EE9C1}.Debug|Any CPU.ActiveCfg = Debug|Any CPU
		{990A1E09-FA19-4050-AA9A-63AD079EE9C1}.Debug|Any CPU.Build.0 = Debug|Any CPU
		{990A1E09-FA19-4050-AA9A-63AD079EE9C1}.Debug|x64.ActiveCfg = Debug|Any CPU
		{990A1E09-FA19-4050-AA9A-63AD079EE9C1}.Debug|x64.Build.0 = Debug|Any CPU
		{990A1E09-FA19-4050-AA9A-63AD079EE9C1}.Debug|x86.ActiveCfg = Debug|Any CPU
		{990A1E09-FA19-4050-AA9A-63AD079EE9C1}.Debug|x86.Build.0 = Debug|Any CPU
		{990A1E09-FA19-4050-AA9A-63AD079EE9C1}.Release|Any CPU.ActiveCfg = Release|Any CPU
		{990A1E09-FA19-4050-AA9A-63AD079EE9C1}.Release|Any CPU.Build.0 = Release|Any CPU
		{990A1E09-FA19-4050-AA9A-63AD079EE9C1}.Release|x64.ActiveCfg = Release|Any CPU
		{990A1E09-FA19-4050-AA9A-63AD079EE9C1}.Release|x64.Build.0 = Release|Any CPU
		{990A1E09-FA19-4050-AA9A-63AD079EE9C1}.Release|x86.ActiveCfg = Release|Any CPU
		{990A1E09-FA19-4050-AA9A-63AD079EE9C1}.Release|x86.Build.0 = Release|Any CPU
		{1D00F0DC-CB3D-4EB0-AD5E-960A81D0D1B0}.Debug|Any CPU.ActiveCfg = Debug|Any CPU
		{1D00F0DC-CB3D-4EB0-AD5E-960A81D0D1B0}.Debug|Any CPU.Build.0 = Debug|Any CPU
		{1D00F0DC-CB3D-4EB0-AD5E-960A81D0D1B0}.Debug|x64.ActiveCfg = Debug|Any CPU
		{1D00F0DC-CB3D-4EB0-AD5E-960A81D0D1B0}.Debug|x64.Build.0 = Debug|Any CPU
		{1D00F0DC-CB3D-4EB0-AD5E-960A81D0D1B0}.Debug|x86.ActiveCfg = Debug|Any CPU
		{1D00F0DC-CB3D-4EB0-AD5E-960A81D0D1B0}.Debug|x86.Build.0 = Debug|Any CPU
		{1D00F0DC-CB3D-4EB0-AD5E-960A81D0D1B0}.Release|Any CPU.ActiveCfg = Release|Any CPU
		{1D00F0DC-CB3D-4EB0-AD5E-960A81D0D1B0}.Release|Any CPU.Build.0 = Release|Any CPU
		{1D00F0DC-CB3D-4EB0-AD5E-960A81D0D1B0}.Release|x64.ActiveCfg = Release|Any CPU
		{1D00F0DC-CB3D-4EB0-AD5E-960A81D0D1B0}.Release|x64.Build.0 = Release|Any CPU
		{1D00F0DC-CB3D-4EB0-AD5E-960A81D0D1B0}.Release|x86.ActiveCfg = Release|Any CPU
		{1D00F0DC-CB3D-4EB0-AD5E-960A81D0D1B0}.Release|x86.Build.0 = Release|Any CPU
	EndGlobalSection
	GlobalSection(SolutionProperties) = preSolution
		HideSolutionNode = FALSE
	EndGlobalSection
	GlobalSection(NestedProjects) = preSolution
		{B6F691D9-04B3-49DD-BF04-80584711E591} = {827E0CD3-B72D-47B6-A68D-7590B98EB39B}
		{B0A4FE82-373F-4AB8-B525-D791A09A3470} = {827E0CD3-B72D-47B6-A68D-7590B98EB39B}
		{5991E470-461D-4DAE-8E84-55CC163D7A7C} = {827E0CD3-B72D-47B6-A68D-7590B98EB39B}
		{B91F51EF-A9C3-4E02-86EA-B5297DA40EDF} = {827E0CD3-B72D-47B6-A68D-7590B98EB39B}
		{990A1E09-FA19-4050-AA9A-63AD079EE9C1} = {827E0CD3-B72D-47B6-A68D-7590B98EB39B}
		{1D00F0DC-CB3D-4EB0-AD5E-960A81D0D1B0} = {0AB3BF05-4346-4AA6-1389-037BE0695223}
	EndGlobalSection
EndGlobal
